
Microsoft Visual Studio Solution File, Format Version 12.00
# Visual Studio Version 16
VisualStudioVersion = 16.0.32126.315
MinimumVisualStudioVersion = 10.0.40219.1
Project("{FAE04EC0-301F-11D3-BF4B-00C04F79EFBC}") = "WebApplication1", "WebApplication1.csproj", "{9E605CF7-824D-432D-B8CF-79D86D254353}"
EndProject
Project("{FAE04EC0-301F-11D3-BF4B-00C04F79EFBC}") = "WebApplication2", "..\WebApplication2\WebApplication2.csproj", "{886F56EA-0803-4513-923D-51E0D3DA8466}"
EndProject
Global
	GlobalSection(SolutionConfigurationPlatforms) = preSolution
		Debug|Any CPU = Debug|Any CPU
		Release|Any CPU = Release|Any CPU
	EndGlobalSection
	GlobalSection(ProjectConfigurationPlatforms) = postSolution
		{9E605CF7-824D-432D-B8CF-79D86D254353}.Debug|Any CPU.ActiveCfg = Debug|Any CPU
		{9E605CF7-824D-432D-B8CF-79D86D254353}.Debug|Any CPU.Build.0 = Debug|Any CPU
		{9E605CF7-824D-432D-B8CF-79D86D254353}.Release|Any CPU.ActiveCfg = Release|Any CPU
		{9E605CF7-824D-432D-B8CF-79D86D254353}.Release|Any CPU.Build.0 = Release|Any CPU
		{886F56EA-0803-4513-923D-51E0D3DA8466}.Debug|Any CPU.ActiveCfg = Debug|Any CPU
		{886F56EA-0803-4513-923D-51E0D3DA8466}.Debug|Any CPU.Build.0 = Debug|Any CPU
		{886F56EA-0803-4513-923D-51E0D3DA8466}.Release|Any CPU.ActiveCfg = Release|Any CPU
		{886F56EA-0803-4513-923D-51E0D3DA8466}.Release|Any CPU.Build.0 = Release|Any CPU
	EndGlobalSection
	GlobalSection(SolutionProperties) = preSolution
		HideSolutionNode = FALSE
	EndGlobalSection
	GlobalSection(ExtensibilityGlobals) = postSolution
		SolutionGuid = {5C6A3202-E1F1-4995-A5DC-0578CBC48A3C}
	EndGlobalSection
EndGlobal
